
Microsoft Visual Studio Solution File, Format Version 12.00
# Visual Studio Version 17
VisualStudioVersion = 17.13.35931.197 d17.13
MinimumVisualStudioVersion = 10.0.40219.1
Project("{FAE04EC0-301F-11D3-BF4B-00C04F79EFBC}") = "SolviaDownloader", "SolviaDownloader\SolviaDownloader.csproj", "{55E25E70-4142-4F92-9E08-E293CA2A9FAA}"
EndProject
Global
	GlobalSection(SolutionConfigurationPlatforms) = preSolution
		Debug|Any CPU = Debug|Any CPU
		Release|Any CPU = Release|Any CPU
	EndGlobalSection
	GlobalSection(ProjectConfigurationPlatforms) = postSolution
		{55E25E70-4142-4F92-9E08-E293CA2A9FAA}.Debug|Any CPU.ActiveCfg = Debug|Any CPU
		{55E25E70-4142-4F92-9E08-E293CA2A9FAA}.Debug|Any CPU.Build.0 = Debug|Any CPU
		{55E25E70-4142-4F92-9E08-E293CA2A9FAA}.Release|Any CPU.ActiveCfg = Release|Any CPU
		{55E25E70-4142-4F92-9E08-E293CA2A9FAA}.Release|Any CPU.Build.0 = Release|Any CPU
	EndGlobalSection
	GlobalSection(SolutionProperties) = preSolution
		HideSolutionNode = FALSE
	EndGlobalSection
	GlobalSection(ExtensibilityGlobals) = postSolution
		SolutionGuid = {B7E815D0-BE57-4CEC-A2F9-FBE6AE26B24E}
	EndGlobalSection
EndGlobal
